// !$*UTF8*$!
{
	archiveVersion = 1;
	classes = {
	};
	objectVersion = 46;
	objects = {

/* Begin PBXBuildFile section */
		990FEB441CBE727E00817C8C /* main.cpp in Sources */ = {isa = PBXBuildFile; fileRef = 990FEB431CBE727E00817C8C /* main.cpp */; };
		990FEB4C1CBE729700817C8C /* SortedSet.cpp in Sources */ = {isa = PBXBuildFile; fileRef = 990FEB4A1CBE729700817C8C /* SortedSet.cpp */; };
/* End PBXBuildFile section */

/* Begin PBXCopyFilesBuildPhase section */
		990FEB3E1CBE727E00817C8C /* CopyFiles */ = {
			isa = PBXCopyFilesBuildPhase;
			buildActionMask = 2147483647;
			dstPath = /usr/share/man/man1/;
			dstSubfolderSpec = 0;
			files = (
			);
			runOnlyForDeploymentPostprocessing = 1;
		};
/* End PBXCopyFilesBuildPhase section */

/* Begin PBXFileReference section */
		990FEB401CBE727E00817C8C /* SortedSet */ = {isa = PBXFileReference; explicitFileType = "compiled.mach-o.executable"; includeInIndex = 0; path = SortedSet; sourceTree = BUILT_PRODUCTS_DIR; };
		990FEB431CBE727E00817C8C /* main.cpp */ = {isa = PBXFileReference; lastKnownFileType = sourcecode.cpp.cpp; path = main.cpp; sourceTree = "<group>"; };
		990FEB4A1CBE729700817C8C /* SortedSet.cpp */ = {isa = PBXFileReference; fileEncoding = 4; lastKnownFileType = sourcecode.cpp.cpp; path = SortedSet.cpp; sourceTree = "<group>"; };
		990FEB4B1CBE729700817C8C /* SortedSet.hpp */ = {isa = PBXFileReference; fileEncoding = 4; lastKnownFileType = sourcecode.cpp.h; path = SortedSet.hpp; sourceTree = "<group>"; };
/* End PBXFileReference section */

/* Begin PBXFrameworksBuildPhase section */
		990FEB3D1CBE727E00817C8C /* Frameworks */ = {
			isa = PBXFrameworksBuildPhase;
			buildActionMask = 2147483647;
			files = (
			);
			runOnlyForDeploymentPostprocessing = 0;
		};
/* End PBXFrameworksBuildPhase section */

/* Begin PBXGroup section */
		990FEB371CBE727E00817C8C = {
			isa = PBXGroup;
			children = (
				990FEB421CBE727E00817C8C /* SortedSet */,
				990FEB411CBE727E00817C8C /* Products */,
			);
			sourceTree = "<group>";
		};
		990FEB411CBE727E00817C8C /* Products */ = {
			isa = PBXGroup;
			children = (
				990FEB401CBE727E00817C8C /* SortedSet */,
			);
			name = Products;
			sourceTree = "<group>";
		};
		990FEB421CBE727E00817C8C /* SortedSet */ = {
			isa = PBXGroup;
			children = (
				990FEB4A1CBE729700817C8C /* SortedSet.cpp */,
				990FEB4B1CBE729700817C8C /* SortedSet.hpp */,
				990FEB431CBE727E00817C8C /* main.cpp */,
			);
			path = SortedSet;
			sourceTree = "<group>";
		};
/* End PBXGroup section */

/* Begin PBXNativeTarget section */
		990FEB3F1CBE727E00817C8C /* SortedSet */ = {
			isa = PBXNativeTarget;
			buildConfigurationList = 990FEB471CBE727E00817C8C /* Build configuration list for PBXNativeTarget "SortedSet" */;
			buildPhases = (
				990FEB3C1CBE727E00817C8C /* Sources */,
				990FEB3D1CBE727E00817C8C /* Frameworks */,
				990FEB3E1CBE727E00817C8C /* CopyFiles */,
			);
			buildRules = (
			);
			dependencies = (
			);
			name = SortedSet;
			productName = SortedSet;
			productReference = 990FEB401CBE727E00817C8C /* SortedSet */;
			productType = "com.apple.product-type.tool";
		};
/* End PBXNativeTarget section */

/* Begin PBXProject section */
		990FEB381CBE727E00817C8C /* Project object */ = {
			isa = PBXProject;
			attributes = {
				LastUpgradeCheck = 0730;
				ORGANIZATIONNAME = "Dehelean Andrei";
				TargetAttributes = {
					990FEB3F1CBE727E00817C8C = {
						CreatedOnToolsVersion = 7.3;
					};
				};
			};
			buildConfigurationList = 990FEB3B1CBE727E00817C8C /* Build configuration list for PBXProject "SortedSet" */;
			compatibilityVersion = "Xcode 3.2";
			developmentRegion = English;
			hasScannedForEncodings = 0;
			knownRegions = (
				en,
			);
			mainGroup = 990FEB371CBE727E00817C8C;
			productRefGroup = 990FEB411CBE727E00817C8C /* Products */;
			projectDirPath = "";
			projectRoot = "";
			targets = (
				990FEB3F1CBE727E00817C8C /* SortedSet */,
			);
		};
/* End PBXProject section */

/* Begin PBXSourcesBuildPhase section */
		990FEB3C1CBE727E00817C8C /* Sources */ = {
			isa = PBXSourcesBuildPhase;
			buildActionMask = 2147483647;
			files = (
				990FEB441CBE727E00817C8C /* main.cpp in Sources */,
				990FEB4C1CBE729700817C8C /* SortedSet.cpp in Sources */,
			);
			runOnlyForDeploymentPostprocessing = 0;
		};
/* End PBXSourcesBuildPhase section */

/* Begin XCBuildConfiguration section */
		990FEB451CBE727E00817C8C /* Debug */ = {
			isa = XCBuildConfiguration;
			buildSettings = {
				ALWAYS_SEARCH_USER_PATHS = NO;
				CLANG_ANALYZER_NONNULL = YES;
				CLANG_CXX_LANGUAGE_STANDARD = "gnu++0x";
				CLANG_CXX_LIBRARY = "libc++";
				CLANG_ENABLE_MODULES = YES;
				CLANG_ENABLE_OBJC_ARC = YES;
				CLANG_WARN_BOOL_CONVERSION = YES;
				CLANG_WARN_CONSTANT_CONVERSION = YES;
				CLANG_WARN_DIRECT_OBJC_ISA_USAGE = YES_ERROR;
				CLANG_WARN_EMPTY_BODY = YES;
				CLANG_WARN_ENUM_CONVERSION = YES;
				CLANG_WARN_INT_CONVERSION = YES;
				CLANG_WARN_OBJC_ROOT_CLASS = YES_ERROR;
				CLANG_WARN_UNREACHABLE_CODE = YES;
				CLANG_WARN__DUPLICATE_METHOD_MATCH = YES;
				CODE_SIGN_IDENTITY = "-";
				COPY_PHASE_STRIP = NO;
				DEBUG_INFORMATION_FORMAT = dwarf;
				ENABLE_STRICT_OBJC_MSGSEND = YES;
				ENABLE_TESTABILITY = YES;
				GCC_C_LANGUAGE_STANDARD = gnu99;
				GCC_DYNAMIC_NO_PIC = NO;
				GCC_NO_COMMON_BLOCKS = YES;
				GCC_OPTIMIZATION_LEVEL = 0;
				GCC_PREPROCESSOR_DEFINITIONS = (
					"DEBUG=1",
					"$(inherited)",
				);
				GCC_WARN_64_TO_32_BIT_CONVERSION = YES;
				GCC_WARN_ABOUT_RETURN_TYPE = YES_ERROR;
				GCC_WARN_UNDECLARED_SELECTOR = YES;
				GCC_WARN_UNINITIALIZED_AUTOS = YES_AGGRESSIVE;
				GCC_WARN_UNUSED_FUNCTION = YES;
				GCC_WARN_UNUSED_VARIABLE = YES;
				MACOSX_DEPLOYMENT_TARGET = 10.11;
				MTL_ENABLE_DEBUG_INFO = YES;
				ONLY_ACTIVE_ARCH = YES;
				SDKROOT = macosx;
			};
			name = Debug;
		};
		990FEB461CBE727E00817C8C /* Release */ = {
			isa = XCBuildConfiguration;
			buildSettings = {
				ALWAYS_SEARCH_USER_PATHS = NO;
				CLANG_ANALYZER_NONNULL = YES;
				CLANG_CXX_LANGUAGE_STANDARD = "gnu++0x";
				CLANG_CXX_LIBRARY = "libc++";
				CLANG_ENABLE_MODULES = YES;
				CLANG_ENABLE_OBJC_ARC = YES;
				CLANG_WARN_BOOL_CONVERSION = YES;
				CLANG_WARN_CONSTANT_CONVERSION = YES;
				CLANG_WARN_DIRECT_OBJC_ISA_USAGE = YES_ERROR;
				CLANG_WARN_EMPTY_BODY = YES;
				CLANG_WARN_ENUM_CONVERSION = YES;
				CLANG_WARN_INT_CONVERSION = YES;
				CLANG_WARN_OBJC_ROOT_CLASS = YES_ERROR;
				CLANG_WARN_UNREACHABLE_CODE = YES;
				CLANG_WARN__DUPLICATE_METHOD_MATCH = YES;
				CODE_SIGN_IDENTITY = "-";
				COPY_PHASE_STRIP = NO;
				DEBUG_INFORMATION_FORMAT = "dwarf-with-dsym";
				ENABLE_NS_ASSERTIONS = NO;
				ENABLE_STRICT_OBJC_MSGSEND = YES;
				GCC_C_LANGUAGE_STANDARD = gnu99;
				GCC_NO_COMMON_BLOCKS = YES;
				GCC_WARN_64_TO_32_BIT_CONVERSION = YES;
				GCC_WARN_ABOUT_RETURN_TYPE = YES_ERROR;
				GCC_WARN_UNDECLARED_SELECTOR = YES;
				GCC_WARN_UNINITIALIZED_AUTOS = YES_AGGRESSIVE;
				GCC_WARN_UNUSED_FUNCTION = YES;
				GCC_WARN_UNUSED_VARIABLE = YES;
				MACOSX_DEPLOYMENT_TARGET = 10.11;
				MTL_ENABLE_DEBUG_INFO = NO;
				SDKROOT = macosx;
			};
			name = Release;
		};
		990FEB481CBE727E00817C8C /* Debug */ = {
			isa = XCBuildConfiguration;
			buildSettings = {
				PRODUCT_NAME = "$(TARGET_NAME)";
			};
			name = Debug;
		};
		990FEB491CBE727E00817C8C /* Release */ = {
			isa = XCBuildConfiguration;
			buildSettings = {
				PRODUCT_NAME = "$(TARGET_NAME)";
			};
			name = Release;
		};
/* End XCBuildConfiguration section */

/* Begin XCConfigurationList section */
		990FEB3B1CBE727E00817C8C /* Build configuration list for PBXProject "SortedSet" */ = {
			isa = XCConfigurationList;
			buildConfigurations = (
				990FEB451CBE727E00817C8C /* Debug */,
				990FEB461CBE727E00817C8C /* Release */,
			);
			defaultConfigurationIsVisible = 0;
			defaultConfigurationName = Release;
		};
		990FEB471CBE727E00817C8C /* Build configuration list for PBXNativeTarget "SortedSet" */ = {
			isa = XCConfigurationList;
			buildConfigurations = (
				990FEB481CBE727E00817C8C /* Debug */,
				990FEB491CBE727E00817C8C /* Release */,
			);
			defaultConfigurationIsVisible = 0;
		};
/* End XCConfigurationList section */
	};
	rootObject = 990FEB381CBE727E00817C8C /* Project object */;
}
